// !$*UTF8*$!
{
	archiveVersion = 1;
	classes = {
	};
	objectVersion = 46;
	objects = {

/* Begin PBXBuildFile section */
		3888D1801CFBD7DA0073F542 /* AppDelegate.swift in Sources */ = {isa = PBXBuildFile; fileRef = 3888D17F1CFBD7DA0073F542 /* AppDelegate.swift */; };
		3888D18A1CFBD7DA0073F542 /* LaunchScreen.storyboard in Resources */ = {isa = PBXBuildFile; fileRef = 3888D1881CFBD7DA0073F542 /* LaunchScreen.storyboard */; };
		3888D1921CFBD8230073F542 /* Checklist.swift in Sources */ = {isa = PBXBuildFile; fileRef = 3888D1911CFBD8230073F542 /* Checklist.swift */; };
		3888D1941CFBD83F0073F542 /* Main.storyboard in Resources */ = {isa = PBXBuildFile; fileRef = 3888D1931CFBD83F0073F542 /* Main.storyboard */; };
		3888D1961CFBD8560073F542 /* DataModel.swift in Sources */ = {isa = PBXBuildFile; fileRef = 3888D1951CFBD8560073F542 /* DataModel.swift */; };
		3888D1981CFBD86D0073F542 /* MainItem.swift in Sources */ = {isa = PBXBuildFile; fileRef = 3888D1971CFBD86D0073F542 /* MainItem.swift */; };
		3888D19A1CFBD8740073F542 /* IconPickerViewController.swift in Sources */ = {isa = PBXBuildFile; fileRef = 3888D1991CFBD8740073F542 /* IconPickerViewController.swift */; };
		3888D19C1CFBD87A0073F542 /* ListDetailViewController.swift in Sources */ = {isa = PBXBuildFile; fileRef = 3888D19B1CFBD87A0073F542 /* ListDetailViewController.swift */; };
		3888D19E1CFBD8800073F542 /* MainListController.swift in Sources */ = {isa = PBXBuildFile; fileRef = 3888D19D1CFBD8800073F542 /* MainListController.swift */; };
		3888D1A01CFBD88C0073F542 /* MainController.swift in Sources */ = {isa = PBXBuildFile; fileRef = 3888D19F1CFBD88C0073F542 /* MainController.swift */; };
		3888D1A21CFBD8950073F542 /* AllListViewController.swift in Sources */ = {isa = PBXBuildFile; fileRef = 3888D1A11CFBD8950073F542 /* AllListViewController.swift */; };
		3888D1A41CFBD8A70073F542 /* Images.xcassets in Resources */ = {isa = PBXBuildFile; fileRef = 3888D1A31CFBD8A70073F542 /* Images.xcassets */; };
/* End PBXBuildFile section */

/* Begin PBXFileReference section */
		3888D17C1CFBD7DA0073F542 /* todo.app */ = {isa = PBXFileReference; explicitFileType = wrapper.application; includeInIndex = 0; path = todo.app; sourceTree = BUILT_PRODUCTS_DIR; };
		3888D17F1CFBD7DA0073F542 /* AppDelegate.swift */ = {isa = PBXFileReference; lastKnownFileType = sourcecode.swift; path = AppDelegate.swift; sourceTree = "<group>"; };
		3888D1891CFBD7DA0073F542 /* Base */ = {isa = PBXFileReference; lastKnownFileType = file.storyboard; name = Base; path = Base.lproj/LaunchScreen.storyboard; sourceTree = "<group>"; };
		3888D18B1CFBD7DA0073F542 /* Info.plist */ = {isa = PBXFileReference; lastKnownFileType = text.plist.xml; path = Info.plist; sourceTree = "<group>"; };
		3888D1911CFBD8230073F542 /* Checklist.swift */ = {isa = PBXFileReference; fileEncoding = 4; lastKnownFileType = sourcecode.swift; path = Checklist.swift; sourceTree = "<group>"; };
		3888D1931CFBD83F0073F542 /* Main.storyboard */ = {isa = PBXFileReference; fileEncoding = 4; lastKnownFileType = file.storyboard; path = Main.storyboard; sourceTree = "<group>"; };
		3888D1951CFBD8560073F542 /* DataModel.swift */ = {isa = PBXFileReference; fileEncoding = 4; lastKnownFileType = sourcecode.swift; path = DataModel.swift; sourceTree = "<group>"; };
		3888D1971CFBD86D0073F542 /* MainItem.swift */ = {isa = PBXFileReference; fileEncoding = 4; lastKnownFileType = sourcecode.swift; path = MainItem.swift; sourceTree = "<group>"; };
		3888D1991CFBD8740073F542 /* IconPickerViewController.swift */ = {isa = PBXFileReference; fileEncoding = 4; lastKnownFileType = sourcecode.swift; path = IconPickerViewController.swift; sourceTree = "<group>"; };
		3888D19B1CFBD87A0073F542 /* ListDetailViewController.swift */ = {isa = PBXFileReference; fileEncoding = 4; lastKnownFileType = sourcecode.swift; path = ListDetailViewController.swift; sourceTree = "<group>"; };
		3888D19D1CFBD8800073F542 /* MainListController.swift */ = {isa = PBXFileReference; fileEncoding = 4; lastKnownFileType = sourcecode.swift; path = MainListController.swift; sourceTree = "<group>"; };
		3888D19F1CFBD88C0073F542 /* MainController.swift */ = {isa = PBXFileReference; fileEncoding = 4; lastKnownFileType = sourcecode.swift; path = MainController.swift; sourceTree = "<group>"; };
		3888D1A11CFBD8950073F542 /* AllListViewController.swift */ = {isa = PBXFileReference; fileEncoding = 4; lastKnownFileType = sourcecode.swift; path = AllListViewController.swift; sourceTree = "<group>"; };
		3888D1A31CFBD8A70073F542 /* Images.xcassets */ = {isa = PBXFileReference; lastKnownFileType = folder.assetcatalog; path = Images.xcassets; sourceTree = "<group>"; };
/* End PBXFileReference section */

/* Begin PBXFrameworksBuildPhase section */
		3888D1791CFBD7DA0073F542 /* Frameworks */ = {
			isa = PBXFrameworksBuildPhase;
			buildActionMask = 2147483647;
			files = (
			);
			runOnlyForDeploymentPostprocessing = 0;
		};
/* End PBXFrameworksBuildPhase section */

/* Begin PBXGroup section */
		3888D1731CFBD7DA0073F542 = {
			isa = PBXGroup;
			children = (
				3888D17E1CFBD7DA0073F542 /* todo */,
				3888D17D1CFBD7DA0073F542 /* Products */,
			);
			sourceTree = "<group>";
		};
		3888D17D1CFBD7DA0073F542 /* Products */ = {
			isa = PBXGroup;
			children = (
				3888D17C1CFBD7DA0073F542 /* todo.app */,
			);
			name = Products;
			sourceTree = "<group>";
		};
		3888D17E1CFBD7DA0073F542 /* todo */ = {
			isa = PBXGroup;
			children = (
				3888D17F1CFBD7DA0073F542 /* AppDelegate.swift */,
				38A293991CFD89F70060D77A /* Model */,
				38F017B11CFD328600CD9249 /* Controller */,
				3888D1A31CFBD8A70073F542 /* Images.xcassets */,
				3888D1931CFBD83F0073F542 /* Main.storyboard */,
				3888D1881CFBD7DA0073F542 /* LaunchScreen.storyboard */,
				3888D18B1CFBD7DA0073F542 /* Info.plist */,
			);
			path = todo;
			sourceTree = "<group>";
		};
		38A293991CFD89F70060D77A /* Model */ = {
			isa = PBXGroup;
			children = (
				3888D1911CFBD8230073F542 /* Checklist.swift */,
				3888D1951CFBD8560073F542 /* DataModel.swift */,
				3888D1971CFBD86D0073F542 /* MainItem.swift */,
			);
			name = Model;
			sourceTree = "<group>";
		};
		38F017B11CFD328600CD9249 /* Controller */ = {
			isa = PBXGroup;
			children = (
				3888D1991CFBD8740073F542 /* IconPickerViewController.swift */,
				3888D19B1CFBD87A0073F542 /* ListDetailViewController.swift */,
				3888D19D1CFBD8800073F542 /* MainListController.swift */,
				3888D19F1CFBD88C0073F542 /* MainController.swift */,
				3888D1A11CFBD8950073F542 /* AllListViewController.swift */,
			);
			name = Controller;
			sourceTree = "<group>";
		};
/* End PBXGroup section */

/* Begin PBXNativeTarget section */
		3888D17B1CFBD7DA0073F542 /* todo */ = {
			isa = PBXNativeTarget;
			buildConfigurationList = 3888D18E1CFBD7DA0073F542 /* Build configuration list for PBXNativeTarget "todo" */;
			buildPhases = (
				3888D1781CFBD7DA0073F542 /* Sources */,
				3888D1791CFBD7DA0073F542 /* Frameworks */,
				3888D17A1CFBD7DA0073F542 /* Resources */,
			);
			buildRules = (
			);
			dependencies = (
			);
			name = todo;
			productName = todo;
			productReference = 3888D17C1CFBD7DA0073F542 /* todo.app */;
			productType = "com.apple.product-type.application";
		};
/* End PBXNativeTarget section */

/* Begin PBXProject section */
		3888D1741CFBD7DA0073F542 /* Project object */ = {
			isa = PBXProject;
			attributes = {
				LastSwiftUpdateCheck = 0720;
				LastUpgradeCheck = 0720;
				ORGANIZATIONNAME = jim;
				TargetAttributes = {
					3888D17B1CFBD7DA0073F542 = {
						CreatedOnToolsVersion = 7.2;
						DevelopmentTeam = CUMF4ZAER2;
					};
				};
			};
			buildConfigurationList = 3888D1771CFBD7DA0073F542 /* Build configuration list for PBXProject "todo" */;
			compatibilityVersion = "Xcode 3.2";
			developmentRegion = English;
			hasScannedForEncodings = 0;
			knownRegions = (
				en,
				Base,
			);
			mainGroup = 3888D1731CFBD7DA0073F542;
			productRefGroup = 3888D17D1CFBD7DA0073F542 /* Products */;
			projectDirPath = "";
			projectRoot = "";
			targets = (
				3888D17B1CFBD7DA0073F542 /* todo */,
			);
		};
/* End PBXProject section */

/* Begin PBXResourcesBuildPhase section */
		3888D17A1CFBD7DA0073F542 /* Resources */ = {
			isa = PBXResourcesBuildPhase;
			buildActionMask = 2147483647;
			files = (
				3888D1A41CFBD8A70073F542 /* Images.xcassets in Resources */,
				3888D1941CFBD83F0073F542 /* Main.storyboard in Resources */,
				3888D18A1CFBD7DA0073F542 /* LaunchScreen.storyboard in Resources */,
			);
			runOnlyForDeploymentPostprocessing = 0;
		};
/* End PBXResourcesBuildPhase section */

/* Begin PBXSourcesBuildPhase section */
		3888D1781CFBD7DA0073F542 /* Sources */ = {
			isa = PBXSourcesBuildPhase;
			buildActionMask = 2147483647;
			files = (
				3888D19E1CFBD8800073F542 /* MainListController.swift in Sources */,
				3888D1A21CFBD8950073F542 /* AllListViewController.swift in Sources */,
				3888D19C1CFBD87A0073F542 /* ListDetailViewController.swift in Sources */,
				3888D1981CFBD86D0073F542 /* MainItem.swift in Sources */,
				3888D1A01CFBD88C0073F542 /* MainController.swift in Sources */,
				3888D1961CFBD8560073F542 /* DataModel.swift in Sources */,
				3888D19A1CFBD8740073F542 /* IconPickerViewController.swift in Sources */,
				3888D1801CFBD7DA0073F542 /* AppDelegate.swift in Sources */,
				3888D1921CFBD8230073F542 /* Checklist.swift in Sources */,
			);
			runOnlyForDeploymentPostprocessing = 0;
		};
/* End PBXSourcesBuildPhase section */

/* Begin PBXVariantGroup section */
		3888D1881CFBD7DA0073F542 /* LaunchScreen.storyboard */ = {
			isa = PBXVariantGroup;
			children = (
				3888D1891CFBD7DA0073F542 /* Base */,
			);
			name = LaunchScreen.storyboard;
			sourceTree = "<group>";
		};
/* End PBXVariantGroup section */

/* Begin XCBuildConfiguration section */
		3888D18C1CFBD7DA0073F542 /* Debug */ = {
			isa = XCBuildConfiguration;
			buildSettings = {
				ALWAYS_SEARCH_USER_PATHS = NO;
				CLANG_CXX_LANGUAGE_STANDARD = "gnu++0x";
				CLANG_CXX_LIBRARY = "libc++";
				CLANG_ENABLE_MODULES = YES;
				CLANG_ENABLE_OBJC_ARC = YES;
				CLANG_WARN_BOOL_CONVERSION = YES;
				CLANG_WARN_CONSTANT_CONVERSION = YES;
				CLANG_WARN_DIRECT_OBJC_ISA_USAGE = YES_ERROR;
				CLANG_WARN_EMPTY_BODY = YES;
				CLANG_WARN_ENUM_CONVERSION = YES;
				CLANG_WARN_INT_CONVERSION = YES;
				CLANG_WARN_OBJC_ROOT_CLASS = YES_ERROR;
				CLANG_WARN_UNREACHABLE_CODE = YES;
				CLANG_WARN__DUPLICATE_METHOD_MATCH = YES;
				"CODE_SIGN_IDENTITY[sdk=iphoneos*]" = "iPhone Developer";
				COPY_PHASE_STRIP = NO;
				DEBUG_INFORMATION_FORMAT = dwarf;
				ENABLE_STRICT_OBJC_MSGSEND = YES;
				ENABLE_TESTABILITY = YES;
				GCC_C_LANGUAGE_STANDARD = gnu99;
				GCC_DYNAMIC_NO_PIC = NO;
				GCC_NO_COMMON_BLOCKS = YES;
				GCC_OPTIMIZATION_LEVEL = 0;
				GCC_PREPROCESSOR_DEFINITIONS = (
					"DEBUG=1",
					"$(inherited)",
				);
				GCC_WARN_64_TO_32_BIT_CONVERSION = YES;
				GCC_WARN_ABOUT_RETURN_TYPE = YES_ERROR;
				GCC_WARN_UNDECLARED_SELECTOR = YES;
				GCC_WARN_UNINITIALIZED_AUTOS = YES_AGGRESSIVE;
				GCC_WARN_UNUSED_FUNCTION = YES;
				GCC_WARN_UNUSED_VARIABLE = YES;
				IPHONEOS_DEPLOYMENT_TARGET = 9.2;
				MTL_ENABLE_DEBUG_INFO = YES;
				ONLY_ACTIVE_ARCH = YES;
				SDKROOT = iphoneos;
				SWIFT_OPTIMIZATION_LEVEL = "-Onone";
			};
			name = Debug;
		};
		3888D18D1CFBD7DA0073F542 /* Release */ = {
			isa = XCBuildConfiguration;
			buildSettings = {
				ALWAYS_SEARCH_USER_PATHS = NO;
				CLANG_CXX_LANGUAGE_STANDARD = "gnu++0x";
				CLANG_CXX_LIBRARY = "libc++";
				CLANG_ENABLE_MODULES = YES;
				CLANG_ENABLE_OBJC_ARC = YES;
				CLANG_WARN_BOOL_CONVERSION = YES;
				CLANG_WARN_CONSTANT_CONVERSION = YES;
				CLANG_WARN_DIRECT_OBJC_ISA_USAGE = YES_ERROR;
				CLANG_WARN_EMPTY_BODY = YES;
				CLANG_WARN_ENUM_CONVERSION = YES;
				CLANG_WARN_INT_CONVERSION = YES;
				CLANG_WARN_OBJC_ROOT_CLASS = YES_ERROR;
				CLANG_WARN_UNREACHABLE_CODE = YES;
				CLANG_WARN__DUPLICATE_METHOD_MATCH = YES;
				"CODE_SIGN_IDENTITY[sdk=iphoneos*]" = "iPhone Developer";
				COPY_PHASE_STRIP = NO;
				DEBUG_INFORMATION_FORMAT = "dwarf-with-dsym";
				ENABLE_NS_ASSERTIONS = NO;
				ENABLE_STRICT_OBJC_MSGSEND = YES;
				GCC_C_LANGUAGE_STANDARD = gnu99;
				GCC_NO_COMMON_BLOCKS = YES;
				GCC_WARN_64_TO_32_BIT_CONVERSION = YES;
				GCC_WARN_ABOUT_RETURN_TYPE = YES_ERROR;
				GCC_WARN_UNDECLARED_SELECTOR = YES;
				GCC_WARN_UNINITIALIZED_AUTOS = YES_AGGRESSIVE;
				GCC_WARN_UNUSED_FUNCTION = YES;
				GCC_WARN_UNUSED_VARIABLE = YES;
				IPHONEOS_DEPLOYMENT_TARGET = 9.2;
				MTL_ENABLE_DEBUG_INFO = NO;
				SDKROOT = iphoneos;
				VALIDATE_PRODUCT = YES;
			};
			name = Release;
		};
		3888D18F1CFBD7DA0073F542 /* Debug */ = {
			isa = XCBuildConfiguration;
			buildSettings = {
				ASSETCATALOG_COMPILER_APPICON_NAME = AppIcon;
				CODE_SIGN_IDENTITY = "iPhone Developer";
				INFOPLIST_FILE = todo/Info.plist;
				IPHONEOS_DEPLOYMENT_TARGET = 8.3;
				LD_RUNPATH_SEARCH_PATHS = "$(inherited) @executable_path/Frameworks";
				PRODUCT_BUNDLE_IDENTIFIER = Tom.todo;
				PRODUCT_NAME = "$(TARGET_NAME)";
			};
			name = Debug;
		};
		3888D1901CFBD7DA0073F542 /* Release */ = {
			isa = XCBuildConfiguration;
			buildSettings = {
				ASSETCATALOG_COMPILER_APPICON_NAME = AppIcon;
				CODE_SIGN_IDENTITY = "iPhone Developer";
				INFOPLIST_FILE = todo/Info.plist;
				IPHONEOS_DEPLOYMENT_TARGET = 8.3;
				LD_RUNPATH_SEARCH_PATHS = "$(inherited) @executable_path/Frameworks";
				PRODUCT_BUNDLE_IDENTIFIER = Tom.todo;
				PRODUCT_NAME = "$(TARGET_NAME)";
			};
			name = Release;
		};
/* End XCBuildConfiguration section */

/* Begin XCConfigurationList section */
		3888D1771CFBD7DA0073F542 /* Build configuration list for PBXProject "todo" */ = {
			isa = XCConfigurationList;
			buildConfigurations = (
				3888D18C1CFBD7DA0073F542 /* Debug */,
				3888D18D1CFBD7DA0073F542 /* Release */,
			);
			defaultConfigurationIsVisible = 0;
			defaultConfigurationName = Release;
		};
		3888D18E1CFBD7DA0073F542 /* Build configuration list for PBXNativeTarget "todo" */ = {
			isa = XCConfigurationList;
			buildConfigurations = (
				3888D18F1CFBD7DA0073F542 /* Debug */,
				3888D1901CFBD7DA0073F542 /* Release */,
			);
			defaultConfigurationIsVisible = 0;
			defaultConfigurationName = Release;
		};
/* End XCConfigurationList section */
	};
	rootObject = 3888D1741CFBD7DA0073F542 /* Project object */;
}
